schema: '2.0'
stages:
  prepare:
    cmd: python src/data/prepare.py
    deps:
    - path: data/raw
      hash: md5
      md5: 9015f677031071c2034ba6dae0e680ac.dir
      size: 353178926
      nfiles: 693
    - path: src/data/prepare.py
      hash: md5
      md5: 380a8b3b870218ea272fa0ad72d1f7b3
      size: 2535
    params:
      params.yaml:
        prepare.img_size: 224
        prepare.seed: 42
        prepare.test_split: 0.15
        prepare.val_split: 0.15
    outs:
    - path: data/processed
      hash: md5
      md5: a91a774cc3f77e17ece9e9a58174eb0d.dir
      size: 353178926
      nfiles: 692
  train:
    cmd: python src/training/train.py
    deps:
    - path: data/processed
      hash: md5
      md5: a91a774cc3f77e17ece9e9a58174eb0d.dir
      size: 353178926
      nfiles: 692
    - path: src/training/train.py
      hash: md5
      md5: 4b0d41538a87e40fabcbe34d29b34f06
      size: 7993
    params:
      params.yaml:
        registry.model_name: potholeops-classifier
        registry.promote_threshold_f1: 0.85
        train.backbone: resnet18
        train.batch_size: 32
        train.early_stopping_patience: 4
        train.epochs: 15
        train.learning_rate: 0.0003
        train.num_classes: 3
    outs:
    - path: metrics/train_metrics.json
      hash: md5
      md5: 935de0d788a9ebe2c5fc25ff84bc13c1
      size: 66
    - path: models/latest_model.pt
      hash: md5
      md5: 03d839c85ebeb8290ab41f7feea02c00
      size: 44790475
